
Microsoft Visual Studio Solution File, Format Version 12.00
# Visual Studio 15
VisualStudioVersion = 15.0.27703.2035
MinimumVisualStudioVersion = 10.0.40219.1
Project("{FAE04EC0-301F-11D3-BF4B-00C04F79EFBC}") = "AlgStr", "AlgStr\AlgStr.csproj", "{A09126AF-2E1E-4677-9B0A-FD7E45133041}"
EndProject
Global
	GlobalSection(SolutionConfigurationPlatforms) = preSolution
		Debug|Any CPU = Debug|Any CPU
		Release|Any CPU = Release|Any CPU
	EndGlobalSection
	GlobalSection(ProjectConfigurationPlatforms) = postSolution
		{A09126AF-2E1E-4677-9B0A-FD7E45133041}.Debug|Any CPU.ActiveCfg = Debug|Any CPU
		{A09126AF-2E1E-4677-9B0A-FD7E45133041}.Debug|Any CPU.Build.0 = Debug|Any CPU
		{A09126AF-2E1E-4677-9B0A-FD7E45133041}.Release|Any CPU.ActiveCfg = Release|Any CPU
		{A09126AF-2E1E-4677-9B0A-FD7E45133041}.Release|Any CPU.Build.0 = Release|Any CPU
	EndGlobalSection
	GlobalSection(SolutionProperties) = preSolution
		HideSolutionNode = FALSE
	EndGlobalSection
	GlobalSection(ExtensibilityGlobals) = postSolution
		SolutionGuid = {6D183BE9-9712-4A08-8DB7-7464F2F07414}
	EndGlobalSection
EndGlobal
